
Microsoft Visual Studio Solution File, Format Version 12.00
# Visual Studio 14
VisualStudioVersion = 14.0.25420.1
MinimumVisualStudioVersion = 10.0.40219.1
Project("{FAE04EC0-301F-11D3-BF4B-00C04F79EFBC}") = "ObiOne.Brasileirades", "ObiOne.Brasileirades\ObiOne.Brasileirades.csproj", "{2E2DD306-018D-4A2F-A9D3-CFB25386DCFB}"
EndProject
Global
	GlobalSection(SolutionConfigurationPlatforms) = preSolution
		Debug|Any CPU = Debug|Any CPU
		Release|Any CPU = Release|Any CPU
	EndGlobalSection
	GlobalSection(ProjectConfigurationPlatforms) = postSolution
		{2E2DD306-018D-4A2F-A9D3-CFB25386DCFB}.Debug|Any CPU.ActiveCfg = Debug|Any CPU
		{2E2DD306-018D-4A2F-A9D3-CFB25386DCFB}.Debug|Any CPU.Build.0 = Debug|Any CPU
		{2E2DD306-018D-4A2F-A9D3-CFB25386DCFB}.Release|Any CPU.ActiveCfg = Release|Any CPU
		{2E2DD306-018D-4A2F-A9D3-CFB25386DCFB}.Release|Any CPU.Build.0 = Release|Any CPU
	EndGlobalSection
	GlobalSection(SolutionProperties) = preSolution
		HideSolutionNode = FALSE
	EndGlobalSection
EndGlobal
